
Microsoft Visual Studio Solution File, Format Version 12.00
# Visual Studio Version 16
VisualStudioVersion = 16.0.29905.134
MinimumVisualStudioVersion = 10.0.40219.1
Project("{9A19103F-16F7-4668-BE54-9A1E7A4F7556}") = "bisec-tests", "tests\bisec-tests.csproj", "{9AB1F985-2E83-482D-9947-22103EEE28BF}"
EndProject
Project("{9A19103F-16F7-4668-BE54-9A1E7A4F7556}") = "bisec-library", "bisec\bisec.csproj", "{52C9F4E3-F0B1-4868-A70B-ECFA9618C741}"
EndProject
Global
	GlobalSection(SolutionConfigurationPlatforms) = preSolution
		Debug|Any CPU = Debug|Any CPU
		Release|Any CPU = Release|Any CPU
	EndGlobalSection
	GlobalSection(ProjectConfigurationPlatforms) = postSolution
		{873232B8-DE42-4051-962D-DCD9D326601B}.Debug|Any CPU.ActiveCfg = Debug|Any CPU
		{873232B8-DE42-4051-962D-DCD9D326601B}.Debug|Any CPU.Build.0 = Debug|Any CPU
		{873232B8-DE42-4051-962D-DCD9D326601B}.Release|Any CPU.ActiveCfg = Release|Any CPU
		{873232B8-DE42-4051-962D-DCD9D326601B}.Release|Any CPU.Build.0 = Release|Any CPU
		{9AB1F985-2E83-482D-9947-22103EEE28BF}.Debug|Any CPU.ActiveCfg = Debug|Any CPU
		{9AB1F985-2E83-482D-9947-22103EEE28BF}.Debug|Any CPU.Build.0 = Debug|Any CPU
		{9AB1F985-2E83-482D-9947-22103EEE28BF}.Release|Any CPU.ActiveCfg = Release|Any CPU
		{9AB1F985-2E83-482D-9947-22103EEE28BF}.Release|Any CPU.Build.0 = Release|Any CPU
		{52C9F4E3-F0B1-4868-A70B-ECFA9618C741}.Debug|Any CPU.ActiveCfg = Debug|Any CPU
		{52C9F4E3-F0B1-4868-A70B-ECFA9618C741}.Debug|Any CPU.Build.0 = Debug|Any CPU
		{52C9F4E3-F0B1-4868-A70B-ECFA9618C741}.Release|Any CPU.ActiveCfg = Release|Any CPU
		{52C9F4E3-F0B1-4868-A70B-ECFA9618C741}.Release|Any CPU.Build.0 = Release|Any CPU
		{628A0451-7951-4E3D-B60D-0349F4189BB3}.Debug|Any CPU.ActiveCfg = Debug|Any CPU
		{628A0451-7951-4E3D-B60D-0349F4189BB3}.Debug|Any CPU.Build.0 = Debug|Any CPU
		{628A0451-7951-4E3D-B60D-0349F4189BB3}.Release|Any CPU.ActiveCfg = Release|Any CPU
		{628A0451-7951-4E3D-B60D-0349F4189BB3}.Release|Any CPU.Build.0 = Release|Any CPU
		{3DB26C31-9C12-48F4-BF51-8CEF761A91BF}.Debug|Any CPU.ActiveCfg = Debug|Any CPU
		{3DB26C31-9C12-48F4-BF51-8CEF761A91BF}.Debug|Any CPU.Build.0 = Debug|Any CPU
		{3DB26C31-9C12-48F4-BF51-8CEF761A91BF}.Release|Any CPU.ActiveCfg = Release|Any CPU
		{3DB26C31-9C12-48F4-BF51-8CEF761A91BF}.Release|Any CPU.Build.0 = Release|Any CPU
	EndGlobalSection
	GlobalSection(SolutionProperties) = preSolution
		HideSolutionNode = FALSE
	EndGlobalSection
	GlobalSection(ExtensibilityGlobals) = postSolution
		SolutionGuid = {47EA1A32-4F79-45BB-8060-DE736939D7A3}
	EndGlobalSection
EndGlobal
